
Microsoft Visual Studio Solution File, Format Version 12.00
# Visual Studio Version 17
VisualStudioVersion = 17.14.36221.1 d17.14
MinimumVisualStudioVersion = 10.0.40219.1
Project("{FAE04EC0-301F-11D3-BF4B-00C04F79EFBC}") = "References.Api", "References.Api\References.Api.csproj", "{306E0074-F38F-4BE7-96D3-9BDCBBD7EB40}"
EndProject
Project("{FAE04EC0-301F-11D3-BF4B-00C04F79EFBC}") = "References.Tests", "References.Tests\References.Tests.csproj", "{88628D8A-3164-4EDE-85F6-6FFD4891507A}"
EndProject
Global
	GlobalSection(SolutionConfigurationPlatforms) = preSolution
		Debug|Any CPU = Debug|Any CPU
		Release|Any CPU = Release|Any CPU
	EndGlobalSection
	GlobalSection(ProjectConfigurationPlatforms) = postSolution
		{306E0074-F38F-4BE7-96D3-9BDCBBD7EB40}.Debug|Any CPU.ActiveCfg = Debug|Any CPU
		{306E0074-F38F-4BE7-96D3-9BDCBBD7EB40}.Debug|Any CPU.Build.0 = Debug|Any CPU
		{306E0074-F38F-4BE7-96D3-9BDCBBD7EB40}.Release|Any CPU.ActiveCfg = Release|Any CPU
		{306E0074-F38F-4BE7-96D3-9BDCBBD7EB40}.Release|Any CPU.Build.0 = Release|Any CPU
		{88628D8A-3164-4EDE-85F6-6FFD4891507A}.Debug|Any CPU.ActiveCfg = Debug|Any CPU
		{88628D8A-3164-4EDE-85F6-6FFD4891507A}.Debug|Any CPU.Build.0 = Debug|Any CPU
		{88628D8A-3164-4EDE-85F6-6FFD4891507A}.Release|Any CPU.ActiveCfg = Release|Any CPU
		{88628D8A-3164-4EDE-85F6-6FFD4891507A}.Release|Any CPU.Build.0 = Release|Any CPU
	EndGlobalSection
	GlobalSection(SolutionProperties) = preSolution
		HideSolutionNode = FALSE
	EndGlobalSection
	GlobalSection(ExtensibilityGlobals) = postSolution
		SolutionGuid = {B85772F9-8C45-4A2A-91E7-E8E37CAE54EB}
	EndGlobalSection
EndGlobal
